
Microsoft Visual Studio Solution File, Format Version 12.00
# Visual Studio Version 16
VisualStudioVersion = 16.0.29519.181
MinimumVisualStudioVersion = 10.0.40219.1
Project("{FAE04EC0-301F-11D3-BF4B-00C04F79EFBC}") = "WonkaExcelAddIn", "WonkaExcelAddIn\WonkaExcelAddIn.csproj", "{DCF2FF0D-8A00-4011-A546-8C04473744D0}"
EndProject
Global
	GlobalSection(SolutionConfigurationPlatforms) = preSolution
		Debug|Any CPU = Debug|Any CPU
		Release|Any CPU = Release|Any CPU
	EndGlobalSection
	GlobalSection(ProjectConfigurationPlatforms) = postSolution
		{DCF2FF0D-8A00-4011-A546-8C04473744D0}.Debug|Any CPU.ActiveCfg = Debug|Any CPU
		{DCF2FF0D-8A00-4011-A546-8C04473744D0}.Debug|Any CPU.Build.0 = Debug|Any CPU
		{DCF2FF0D-8A00-4011-A546-8C04473744D0}.Release|Any CPU.ActiveCfg = Release|Any CPU
		{DCF2FF0D-8A00-4011-A546-8C04473744D0}.Release|Any CPU.Build.0 = Release|Any CPU
	EndGlobalSection
	GlobalSection(SolutionProperties) = preSolution
		HideSolutionNode = FALSE
	EndGlobalSection
	GlobalSection(ExtensibilityGlobals) = postSolution
		SolutionGuid = {AB0C1861-4649-48D2-A75B-1F8074B12EE7}
	EndGlobalSection
EndGlobal
